// !$*UTF8*$!
{
	archiveVersion = 1;
	classes = {
	};
	objectVersion = 50;
	objects = {

/* Begin PBXBuildFile section */
		1C14ABAC21D364B500DE248C /* HiRouter.m in Sources */ = {isa = PBXBuildFile; fileRef = 1C14ABA121D364B500DE248C /* HiRouter.m */; };
		1C1B89B522410FAD00E3C1FE /* HiNavigationFirstViewControoler.m in Sources */ = {isa = PBXBuildFile; fileRef = 1C1B89B422410FAD00E3C1FE /* HiNavigationFirstViewControoler.m */; };
		1C1B89B822410FCB00E3C1FE /* HiNavigationSecondViewControoler.m in Sources */ = {isa = PBXBuildFile; fileRef = 1C1B89B722410FCB00E3C1FE /* HiNavigationSecondViewControoler.m */; };
		1C1B89BB22410FDA00E3C1FE /* HiNavigationThirdViewControoler.m in Sources */ = {isa = PBXBuildFile; fileRef = 1C1B89BA22410FDA00E3C1FE /* HiNavigationThirdViewControoler.m */; };
		1C1B89BE22410FEB00E3C1FE /* HiNavigationFourthViewControoler.m in Sources */ = {isa = PBXBuildFile; fileRef = 1C1B89BD22410FEB00E3C1FE /* HiNavigationFourthViewControoler.m */; };
		1C65583220F5FC4D00862997 /* Assets.xcassets in Resources */ = {isa = PBXBuildFile; fileRef = 1C65583120F5FC4D00862997 /* Assets.xcassets */; };
		1C65583520F5FC4D00862997 /* LaunchScreen.storyboard in Resources */ = {isa = PBXBuildFile; fileRef = 1C65583320F5FC4D00862997 /* LaunchScreen.storyboard */; };
		1C65583820F5FC4E00862997 /* main.m in Sources */ = {isa = PBXBuildFile; fileRef = 1C65583720F5FC4E00862997 /* main.m */; };
		1C65585320F5FCF800862997 /* AppDelegate.m in Sources */ = {isa = PBXBuildFile; fileRef = 1C65585220F5FCF800862997 /* AppDelegate.m */; };
		1C97792921D07FD700C9859A /* HiPageFilterViewController.m in Sources */ = {isa = PBXBuildFile; fileRef = 1C97792821D07FD700C9859A /* HiPageFilterViewController.m */; };
		1C97792C21D0806200C9859A /* HiPageSub1ViewController.m in Sources */ = {isa = PBXBuildFile; fileRef = 1C97792B21D0806200C9859A /* HiPageSub1ViewController.m */; };
		1C97792F21D0806D00C9859A /* HiPageSub2ViewController.m in Sources */ = {isa = PBXBuildFile; fileRef = 1C97792E21D0806D00C9859A /* HiPageSub2ViewController.m */; };
		1C97793221D0812900C9859A /* HiPageErrorViewController.m in Sources */ = {isa = PBXBuildFile; fileRef = 1C97793121D0812900C9859A /* HiPageErrorViewController.m */; };
		1C97793521D0899500C9859A /* HiPageFilter.m in Sources */ = {isa = PBXBuildFile; fileRef = 1C97793421D0899500C9859A /* HiPageFilter.m */; };
		1C97793821D08D3500C9859A /* HiRootTableModel.m in Sources */ = {isa = PBXBuildFile; fileRef = 1C97793721D08D3500C9859A /* HiRootTableModel.m */; };
		1C97795A21D0B70900C9859A /* HiViewModelViewController.m in Sources */ = {isa = PBXBuildFile; fileRef = 1C97795921D0B70900C9859A /* HiViewModelViewController.m */; };
		1C97796021D0C24100C9859A /* HiViewModelView.m in Sources */ = {isa = PBXBuildFile; fileRef = 1C97795F21D0C24100C9859A /* HiViewModelView.m */; };
		1C97796621D0C5FB00C9859A /* HiViewModelReceiveView.m in Sources */ = {isa = PBXBuildFile; fileRef = 1C97796521D0C5FB00C9859A /* HiViewModelReceiveView.m */; };
		1CB3D09221DDB98300E66BF1 /* HiRouterPath.m in Sources */ = {isa = PBXBuildFile; fileRef = 1CB3D09121DDB98300E66BF1 /* HiRouterPath.m */; };
		1CB3D09521DDCB9800E66BF1 /* HiBaseViewController.m in Sources */ = {isa = PBXBuildFile; fileRef = 1CB3D09421DDCB9800E66BF1 /* HiBaseViewController.m */; };
		1CD3FC4821CE3CD100B8C924 /* HiRootViewController.m in Sources */ = {isa = PBXBuildFile; fileRef = 1CD3FC4721CE3CD100B8C924 /* HiRootViewController.m */; };
		1CD3FC5021CE422C00B8C924 /* HiParametesViewController.m in Sources */ = {isa = PBXBuildFile; fileRef = 1CD3FC4F21CE422C00B8C924 /* HiParametesViewController.m */; };
		1CD3FC5621CE4A0000B8C924 /* HiParametesReceiveViewController.m in Sources */ = {isa = PBXBuildFile; fileRef = 1CD3FC5521CE4A0000B8C924 /* HiParametesReceiveViewController.m */; };
		1CD3FC5A21CE4CB300B8C924 /* HiCallBackViewController.m in Sources */ = {isa = PBXBuildFile; fileRef = 1CD3FC5921CE4CB300B8C924 /* HiCallBackViewController.m */; };
		1CD3FC5D21CE4CF600B8C924 /* HiCallBackSubViewController.m in Sources */ = {isa = PBXBuildFile; fileRef = 1CD3FC5C21CE4CF600B8C924 /* HiCallBackSubViewController.m */; };
		1CD3FC6121CE4E0100B8C924 /* HiNetworkFilterViewController.m in Sources */ = {isa = PBXBuildFile; fileRef = 1CD3FC6021CE4E0100B8C924 /* HiNetworkFilterViewController.m */; };
		1CD3FC6421CE517500B8C924 /* HiNetworkFilter.m in Sources */ = {isa = PBXBuildFile; fileRef = 1CD3FC6321CE517500B8C924 /* HiNetworkFilter.m */; };
		1CE962F92616B8E0007EA98C /* HiAnnotation.m in Sources */ = {isa = PBXBuildFile; fileRef = 1CE962F82616B8E0007EA98C /* HiAnnotation.m */; };
/* End PBXBuildFile section */

/* Begin PBXFileReference section */
		1C14AB9121D364B500DE248C /* HiRouterManager.h */ = {isa = PBXFileReference; fileEncoding = 4; lastKnownFileType = sourcecode.c.h; path = HiRouterManager.h; sourceTree = "<group>"; };
		1C14AB9F21D364B500DE248C /* HiRouter.h */ = {isa = PBXFileReference; fileEncoding = 4; lastKnownFileType = sourcecode.c.h; path = HiRouter.h; sourceTree = "<group>"; };
		1C14ABA121D364B500DE248C /* HiRouter.m */ = {isa = PBXFileReference; fileEncoding = 4; lastKnownFileType = sourcecode.c.objc; path = HiRouter.m; sourceTree = "<group>"; };
		1C14ABA321D364B500DE248C /* HiRouterDefine.h */ = {isa = PBXFileReference; fileEncoding = 4; lastKnownFileType = sourcecode.c.h; path = HiRouterDefine.h; sourceTree = "<group>"; };
		1C14ABA521D364B500DE248C /* HiRouterProtocol.h */ = {isa = PBXFileReference; fileEncoding = 4; lastKnownFileType = sourcecode.c.h; path = HiRouterProtocol.h; sourceTree = "<group>"; };
		1C1B89B322410FAD00E3C1FE /* HiNavigationFirstViewControoler.h */ = {isa = PBXFileReference; lastKnownFileType = sourcecode.c.h; path = HiNavigationFirstViewControoler.h; sourceTree = "<group>"; };
		1C1B89B422410FAD00E3C1FE /* HiNavigationFirstViewControoler.m */ = {isa = PBXFileReference; lastKnownFileType = sourcecode.c.objc; path = HiNavigationFirstViewControoler.m; sourceTree = "<group>"; };
		1C1B89B622410FCB00E3C1FE /* HiNavigationSecondViewControoler.h */ = {isa = PBXFileReference; lastKnownFileType = sourcecode.c.h; path = HiNavigationSecondViewControoler.h; sourceTree = "<group>"; };
		1C1B89B722410FCB00E3C1FE /* HiNavigationSecondViewControoler.m */ = {isa = PBXFileReference; lastKnownFileType = sourcecode.c.objc; path = HiNavigationSecondViewControoler.m; sourceTree = "<group>"; };
		1C1B89B922410FDA00E3C1FE /* HiNavigationThirdViewControoler.h */ = {isa = PBXFileReference; lastKnownFileType = sourcecode.c.h; path = HiNavigationThirdViewControoler.h; sourceTree = "<group>"; };
		1C1B89BA22410FDA00E3C1FE /* HiNavigationThirdViewControoler.m */ = {isa = PBXFileReference; lastKnownFileType = sourcecode.c.objc; path = HiNavigationThirdViewControoler.m; sourceTree = "<group>"; };
		1C1B89BC22410FEB00E3C1FE /* HiNavigationFourthViewControoler.h */ = {isa = PBXFileReference; lastKnownFileType = sourcecode.c.h; path = HiNavigationFourthViewControoler.h; sourceTree = "<group>"; };
		1C1B89BD22410FEB00E3C1FE /* HiNavigationFourthViewControoler.m */ = {isa = PBXFileReference; lastKnownFileType = sourcecode.c.objc; path = HiNavigationFourthViewControoler.m; sourceTree = "<group>"; };
		1C65582520F5FC4C00862997 /* RouterDemo.app */ = {isa = PBXFileReference; explicitFileType = wrapper.application; includeInIndex = 0; path = RouterDemo.app; sourceTree = BUILT_PRODUCTS_DIR; };
		1C65583120F5FC4D00862997 /* Assets.xcassets */ = {isa = PBXFileReference; lastKnownFileType = folder.assetcatalog; path = Assets.xcassets; sourceTree = "<group>"; };
		1C65583420F5FC4D00862997 /* Base */ = {isa = PBXFileReference; lastKnownFileType = file.storyboard; name = Base; path = Base.lproj/LaunchScreen.storyboard; sourceTree = "<group>"; };
		1C65583620F5FC4D00862997 /* Info.plist */ = {isa = PBXFileReference; lastKnownFileType = text.plist.xml; path = Info.plist; sourceTree = "<group>"; };
		1C65583720F5FC4E00862997 /* main.m */ = {isa = PBXFileReference; lastKnownFileType = sourcecode.c.objc; path = main.m; sourceTree = "<group>"; };
		1C65585120F5FCF800862997 /* AppDelegate.h */ = {isa = PBXFileReference; fileEncoding = 4; lastKnownFileType = sourcecode.c.h; path = AppDelegate.h; sourceTree = "<group>"; };
		1C65585220F5FCF800862997 /* AppDelegate.m */ = {isa = PBXFileReference; fileEncoding = 4; lastKnownFileType = sourcecode.c.objc; path = AppDelegate.m; sourceTree = "<group>"; };
		1C97792721D07FD700C9859A /* HiPageFilterViewController.h */ = {isa = PBXFileReference; lastKnownFileType = sourcecode.c.h; path = HiPageFilterViewController.h; sourceTree = "<group>"; };
		1C97792821D07FD700C9859A /* HiPageFilterViewController.m */ = {isa = PBXFileReference; lastKnownFileType = sourcecode.c.objc; path = HiPageFilterViewController.m; sourceTree = "<group>"; };
		1C97792A21D0806200C9859A /* HiPageSub1ViewController.h */ = {isa = PBXFileReference; lastKnownFileType = sourcecode.c.h; path = HiPageSub1ViewController.h; sourceTree = "<group>"; };
		1C97792B21D0806200C9859A /* HiPageSub1ViewController.m */ = {isa = PBXFileReference; lastKnownFileType = sourcecode.c.objc; path = HiPageSub1ViewController.m; sourceTree = "<group>"; };
		1C97792D21D0806D00C9859A /* HiPageSub2ViewController.h */ = {isa = PBXFileReference; lastKnownFileType = sourcecode.c.h; path = HiPageSub2ViewController.h; sourceTree = "<group>"; };
		1C97792E21D0806D00C9859A /* HiPageSub2ViewController.m */ = {isa = PBXFileReference; lastKnownFileType = sourcecode.c.objc; path = HiPageSub2ViewController.m; sourceTree = "<group>"; };
		1C97793021D0812900C9859A /* HiPageErrorViewController.h */ = {isa = PBXFileReference; lastKnownFileType = sourcecode.c.h; path = HiPageErrorViewController.h; sourceTree = "<group>"; };
		1C97793121D0812900C9859A /* HiPageErrorViewController.m */ = {isa = PBXFileReference; lastKnownFileType = sourcecode.c.objc; path = HiPageErrorViewController.m; sourceTree = "<group>"; };
		1C97793321D0899500C9859A /* HiPageFilter.h */ = {isa = PBXFileReference; lastKnownFileType = sourcecode.c.h; path = HiPageFilter.h; sourceTree = "<group>"; };
		1C97793421D0899500C9859A /* HiPageFilter.m */ = {isa = PBXFileReference; lastKnownFileType = sourcecode.c.objc; path = HiPageFilter.m; sourceTree = "<group>"; };
		1C97793621D08D3500C9859A /* HiRootTableModel.h */ = {isa = PBXFileReference; lastKnownFileType = sourcecode.c.h; path = HiRootTableModel.h; sourceTree = "<group>"; };
		1C97793721D08D3500C9859A /* HiRootTableModel.m */ = {isa = PBXFileReference; lastKnownFileType = sourcecode.c.objc; path = HiRootTableModel.m; sourceTree = "<group>"; };
		1C97795821D0B70900C9859A /* HiViewModelViewController.h */ = {isa = PBXFileReference; lastKnownFileType = sourcecode.c.h; path = HiViewModelViewController.h; sourceTree = "<group>"; };
		1C97795921D0B70900C9859A /* HiViewModelViewController.m */ = {isa = PBXFileReference; lastKnownFileType = sourcecode.c.objc; path = HiViewModelViewController.m; sourceTree = "<group>"; };
		1C97795E21D0C24100C9859A /* HiViewModelView.h */ = {isa = PBXFileReference; lastKnownFileType = sourcecode.c.h; path = HiViewModelView.h; sourceTree = "<group>"; };
		1C97795F21D0C24100C9859A /* HiViewModelView.m */ = {isa = PBXFileReference; lastKnownFileType = sourcecode.c.objc; path = HiViewModelView.m; sourceTree = "<group>"; };
		1C97796421D0C5FB00C9859A /* HiViewModelReceiveView.h */ = {isa = PBXFileReference; lastKnownFileType = sourcecode.c.h; path = HiViewModelReceiveView.h; sourceTree = "<group>"; };
		1C97796521D0C5FB00C9859A /* HiViewModelReceiveView.m */ = {isa = PBXFileReference; lastKnownFileType = sourcecode.c.objc; path = HiViewModelReceiveView.m; sourceTree = "<group>"; };
		1CB3D09021DDB98300E66BF1 /* HiRouterPath.h */ = {isa = PBXFileReference; lastKnownFileType = sourcecode.c.h; path = HiRouterPath.h; sourceTree = "<group>"; };
		1CB3D09121DDB98300E66BF1 /* HiRouterPath.m */ = {isa = PBXFileReference; lastKnownFileType = sourcecode.c.objc; path = HiRouterPath.m; sourceTree = "<group>"; };
		1CB3D09321DDCB9800E66BF1 /* HiBaseViewController.h */ = {isa = PBXFileReference; lastKnownFileType = sourcecode.c.h; path = HiBaseViewController.h; sourceTree = "<group>"; };
		1CB3D09421DDCB9800E66BF1 /* HiBaseViewController.m */ = {isa = PBXFileReference; lastKnownFileType = sourcecode.c.objc; path = HiBaseViewController.m; sourceTree = "<group>"; };
		1CD3FC4621CE3CD100B8C924 /* HiRootViewController.h */ = {isa = PBXFileReference; lastKnownFileType = sourcecode.c.h; path = HiRootViewController.h; sourceTree = "<group>"; };
		1CD3FC4721CE3CD100B8C924 /* HiRootViewController.m */ = {isa = PBXFileReference; lastKnownFileType = sourcecode.c.objc; path = HiRootViewController.m; sourceTree = "<group>"; };
		1CD3FC4E21CE422C00B8C924 /* HiParametesViewController.h */ = {isa = PBXFileReference; lastKnownFileType = sourcecode.c.h; path = HiParametesViewController.h; sourceTree = "<group>"; };
		1CD3FC4F21CE422C00B8C924 /* HiParametesViewController.m */ = {isa = PBXFileReference; lastKnownFileType = sourcecode.c.objc; path = HiParametesViewController.m; sourceTree = "<group>"; };
		1CD3FC5421CE4A0000B8C924 /* HiParametesReceiveViewController.h */ = {isa = PBXFileReference; lastKnownFileType = sourcecode.c.h; path = HiParametesReceiveViewController.h; sourceTree = "<group>"; };
		1CD3FC5521CE4A0000B8C924 /* HiParametesReceiveViewController.m */ = {isa = PBXFileReference; lastKnownFileType = sourcecode.c.objc; path = HiParametesReceiveViewController.m; sourceTree = "<group>"; };
		1CD3FC5821CE4CB300B8C924 /* HiCallBackViewController.h */ = {isa = PBXFileReference; lastKnownFileType = sourcecode.c.h; path = HiCallBackViewController.h; sourceTree = "<group>"; };
		1CD3FC5921CE4CB300B8C924 /* HiCallBackViewController.m */ = {isa = PBXFileReference; lastKnownFileType = sourcecode.c.objc; path = HiCallBackViewController.m; sourceTree = "<group>"; };
		1CD3FC5B21CE4CF600B8C924 /* HiCallBackSubViewController.h */ = {isa = PBXFileReference; lastKnownFileType = sourcecode.c.h; path = HiCallBackSubViewController.h; sourceTree = "<group>"; };
		1CD3FC5C21CE4CF600B8C924 /* HiCallBackSubViewController.m */ = {isa = PBXFileReference; lastKnownFileType = sourcecode.c.objc; path = HiCallBackSubViewController.m; sourceTree = "<group>"; };
		1CD3FC5F21CE4E0100B8C924 /* HiNetworkFilterViewController.h */ = {isa = PBXFileReference; lastKnownFileType = sourcecode.c.h; path = HiNetworkFilterViewController.h; sourceTree = "<group>"; };
		1CD3FC6021CE4E0100B8C924 /* HiNetworkFilterViewController.m */ = {isa = PBXFileReference; lastKnownFileType = sourcecode.c.objc; path = HiNetworkFilterViewController.m; sourceTree = "<group>"; };
		1CD3FC6221CE517500B8C924 /* HiNetworkFilter.h */ = {isa = PBXFileReference; lastKnownFileType = sourcecode.c.h; path = HiNetworkFilter.h; sourceTree = "<group>"; };
		1CD3FC6321CE517500B8C924 /* HiNetworkFilter.m */ = {isa = PBXFileReference; lastKnownFileType = sourcecode.c.objc; path = HiNetworkFilter.m; sourceTree = "<group>"; };
		1CE962F72616B8E0007EA98C /* HiAnnotation.h */ = {isa = PBXFileReference; lastKnownFileType = sourcecode.c.h; path = HiAnnotation.h; sourceTree = "<group>"; };
		1CE962F82616B8E0007EA98C /* HiAnnotation.m */ = {isa = PBXFileReference; lastKnownFileType = sourcecode.c.objc; path = HiAnnotation.m; sourceTree = "<group>"; };
/* End PBXFileReference section */

/* Begin PBXFrameworksBuildPhase section */
		1C65582220F5FC4C00862997 /* Frameworks */ = {
			isa = PBXFrameworksBuildPhase;
			buildActionMask = 2147483647;
			files = (
			);
			runOnlyForDeploymentPostprocessing = 0;
		};
/* End PBXFrameworksBuildPhase section */

/* Begin PBXGroup section */
		1C14AB9021D364B500DE248C /* HiRouter */ = {
			isa = PBXGroup;
			children = (
				1CE962F62616B8B5007EA98C /* Annotation */,
				2845072A246D3D86004E7466 /* Main */,
				1C14ABA421D364B500DE248C /* Protocol */,
			);
			path = HiRouter;
			sourceTree = "<group>";
		};
		1C14AB9E21D364B500DE248C /* Entity */ = {
			isa = PBXGroup;
			children = (
				1C14AB9F21D364B500DE248C /* HiRouter.h */,
				1C14ABA121D364B500DE248C /* HiRouter.m */,
			);
			path = Entity;
			sourceTree = "<group>";
		};
		1C14ABA421D364B500DE248C /* Protocol */ = {
			isa = PBXGroup;
			children = (
				1C14ABA521D364B500DE248C /* HiRouterProtocol.h */,
			);
			path = Protocol;
			sourceTree = "<group>";
		};
		1C1B89B222410F6500E3C1FE /* Navigation */ = {
			isa = PBXGroup;
			children = (
				1C1B89B322410FAD00E3C1FE /* HiNavigationFirstViewControoler.h */,
				1C1B89B422410FAD00E3C1FE /* HiNavigationFirstViewControoler.m */,
				1C1B89B622410FCB00E3C1FE /* HiNavigationSecondViewControoler.h */,
				1C1B89B722410FCB00E3C1FE /* HiNavigationSecondViewControoler.m */,
				1C1B89B922410FDA00E3C1FE /* HiNavigationThirdViewControoler.h */,
				1C1B89BA22410FDA00E3C1FE /* HiNavigationThirdViewControoler.m */,
				1C1B89BC22410FEB00E3C1FE /* HiNavigationFourthViewControoler.h */,
				1C1B89BD22410FEB00E3C1FE /* HiNavigationFourthViewControoler.m */,
			);
			path = Navigation;
			sourceTree = "<group>";
		};
		1C65581C20F5FC4C00862997 = {
			isa = PBXGroup;
			children = (
				1C65582720F5FC4C00862997 /* RouterDemo */,
				1C65582620F5FC4C00862997 /* Products */,
			);
			sourceTree = "<group>";
		};
		1C65582620F5FC4C00862997 /* Products */ = {
			isa = PBXGroup;
			children = (
				1C65582520F5FC4C00862997 /* RouterDemo.app */,
			);
			name = Products;
			sourceTree = "<group>";
		};
		1C65582720F5FC4C00862997 /* RouterDemo */ = {
			isa = PBXGroup;
			children = (
				1C14AB9021D364B500DE248C /* HiRouter */,
				1C65584C20F5FCF100862997 /* ViewController */,
				1C65585020F5FCF800862997 /* Other */,
				1C65583120F5FC4D00862997 /* Assets.xcassets */,
				1C65583320F5FC4D00862997 /* LaunchScreen.storyboard */,
				1C65583620F5FC4D00862997 /* Info.plist */,
				1C65583720F5FC4E00862997 /* main.m */,
			);
			path = RouterDemo;
			sourceTree = "<group>";
		};
		1C65584C20F5FCF100862997 /* ViewController */ = {
			isa = PBXGroup;
			children = (
				1C1B89B222410F6500E3C1FE /* Navigation */,
				1C97795721D0B6ED00C9859A /* ViewModel */,
				1C97792621D07FB800C9859A /* PageFilter */,
				1CD3FC5E21CE4DF300B8C924 /* NetworkFilter */,
				1CD3FC5721CE4CA200B8C924 /* CallBack */,
				1CD3FC4D21CE422100B8C924 /* Parametes */,
				1C65586E20F6022800862997 /* Other */,
			);
			path = ViewController;
			sourceTree = "<group>";
		};
		1C65585020F5FCF800862997 /* Other */ = {
			isa = PBXGroup;
			children = (
				1C65585120F5FCF800862997 /* AppDelegate.h */,
				1C65585220F5FCF800862997 /* AppDelegate.m */,
				1CB3D09021DDB98300E66BF1 /* HiRouterPath.h */,
				1CB3D09121DDB98300E66BF1 /* HiRouterPath.m */,
			);
			path = Other;
			sourceTree = "<group>";
		};
		1C65586E20F6022800862997 /* Other */ = {
			isa = PBXGroup;
			children = (
				1CD3FC4621CE3CD100B8C924 /* HiRootViewController.h */,
				1CD3FC4721CE3CD100B8C924 /* HiRootViewController.m */,
				1CB3D09321DDCB9800E66BF1 /* HiBaseViewController.h */,
				1CB3D09421DDCB9800E66BF1 /* HiBaseViewController.m */,
				1C97793621D08D3500C9859A /* HiRootTableModel.h */,
				1C97793721D08D3500C9859A /* HiRootTableModel.m */,
			);
			path = Other;
			sourceTree = "<group>";
		};
		1C97792621D07FB800C9859A /* PageFilter */ = {
			isa = PBXGroup;
			children = (
				1C97792721D07FD700C9859A /* HiPageFilterViewController.h */,
				1C97792821D07FD700C9859A /* HiPageFilterViewController.m */,
				1C97792A21D0806200C9859A /* HiPageSub1ViewController.h */,
				1C97792B21D0806200C9859A /* HiPageSub1ViewController.m */,
				1C97792D21D0806D00C9859A /* HiPageSub2ViewController.h */,
				1C97792E21D0806D00C9859A /* HiPageSub2ViewController.m */,
				1C97793021D0812900C9859A /* HiPageErrorViewController.h */,
				1C97793121D0812900C9859A /* HiPageErrorViewController.m */,
				1C97793321D0899500C9859A /* HiPageFilter.h */,
				1C97793421D0899500C9859A /* HiPageFilter.m */,
			);
			path = PageFilter;
			sourceTree = "<group>";
		};
		1C97795721D0B6ED00C9859A /* ViewModel */ = {
			isa = PBXGroup;
			children = (
				1C97795821D0B70900C9859A /* HiViewModelViewController.h */,
				1C97795921D0B70900C9859A /* HiViewModelViewController.m */,
				1C97795E21D0C24100C9859A /* HiViewModelView.h */,
				1C97795F21D0C24100C9859A /* HiViewModelView.m */,
				1C97796421D0C5FB00C9859A /* HiViewModelReceiveView.h */,
				1C97796521D0C5FB00C9859A /* HiViewModelReceiveView.m */,
			);
			path = ViewModel;
			sourceTree = "<group>";
		};
		1CD3FC4D21CE422100B8C924 /* Parametes */ = {
			isa = PBXGroup;
			children = (
				1CD3FC4E21CE422C00B8C924 /* HiParametesViewController.h */,
				1CD3FC4F21CE422C00B8C924 /* HiParametesViewController.m */,
				1CD3FC5421CE4A0000B8C924 /* HiParametesReceiveViewController.h */,
				1CD3FC5521CE4A0000B8C924 /* HiParametesReceiveViewController.m */,
			);
			path = Parametes;
			sourceTree = "<group>";
		};
		1CD3FC5721CE4CA200B8C924 /* CallBack */ = {
			isa = PBXGroup;
			children = (
				1CD3FC5821CE4CB300B8C924 /* HiCallBackViewController.h */,
				1CD3FC5921CE4CB300B8C924 /* HiCallBackViewController.m */,
				1CD3FC5B21CE4CF600B8C924 /* HiCallBackSubViewController.h */,
				1CD3FC5C21CE4CF600B8C924 /* HiCallBackSubViewController.m */,
			);
			path = CallBack;
			sourceTree = "<group>";
		};
		1CD3FC5E21CE4DF300B8C924 /* NetworkFilter */ = {
			isa = PBXGroup;
			children = (
				1CD3FC5F21CE4E0100B8C924 /* HiNetworkFilterViewController.h */,
				1CD3FC6021CE4E0100B8C924 /* HiNetworkFilterViewController.m */,
				1CD3FC6221CE517500B8C924 /* HiNetworkFilter.h */,
				1CD3FC6321CE517500B8C924 /* HiNetworkFilter.m */,
			);
			path = NetworkFilter;
			sourceTree = "<group>";
		};
		1CE962F62616B8B5007EA98C /* Annotation */ = {
			isa = PBXGroup;
			children = (
				1CE962F72616B8E0007EA98C /* HiAnnotation.h */,
				1CE962F82616B8E0007EA98C /* HiAnnotation.m */,
			);
			path = Annotation;
			sourceTree = "<group>";
		};
		1CF5AE36261C43C700AECBA2 /* Files */ = {
			isa = PBXGroup;
			children = (
				1C14ABA321D364B500DE248C /* HiRouterDefine.h */,
				1C14AB9121D364B500DE248C /* HiRouterManager.h */,
			);
			path = Files;
			sourceTree = "<group>";
		};
		2845072A246D3D86004E7466 /* Main */ = {
			isa = PBXGroup;
			children = (
				1CF5AE36261C43C700AECBA2 /* Files */,
				1C14AB9E21D364B500DE248C /* Entity */,
			);
			path = Main;
			sourceTree = "<group>";
		};
/* End PBXGroup section */

/* Begin PBXNativeTarget section */
		1C65582420F5FC4C00862997 /* RouterDemo */ = {
			isa = PBXNativeTarget;
			buildConfigurationList = 1C65583B20F5FC4E00862997 /* Build configuration list for PBXNativeTarget "RouterDemo" */;
			buildPhases = (
				1C65582120F5FC4C00862997 /* Sources */,
				1C65582220F5FC4C00862997 /* Frameworks */,
				1C65582320F5FC4C00862997 /* Resources */,
				1C14ABB021D386CE00DE248C /* Run Script */,
			);
			buildRules = (
			);
			dependencies = (
			);
			name = RouterDemo;
			productName = RouterDemo;
			productReference = 1C65582520F5FC4C00862997 /* RouterDemo.app */;
			productType = "com.apple.product-type.application";
		};
/* End PBXNativeTarget section */

/* Begin PBXProject section */
		1C65581D20F5FC4C00862997 /* Project object */ = {
			isa = PBXProject;
			attributes = {
				CLASSPREFIX = Hi;
				LastUpgradeCheck = 0930;
				ORGANIZATIONNAME = Four;
				TargetAttributes = {
					1C65582420F5FC4C00862997 = {
						CreatedOnToolsVersion = 9.3;
					};
				};
			};
			buildConfigurationList = 1C65582020F5FC4C00862997 /* Build configuration list for PBXProject "RouterDemo" */;
			compatibilityVersion = "Xcode 9.3";
			developmentRegion = en;
			hasScannedForEncodings = 0;
			knownRegions = (
				en,
				Base,
			);
			mainGroup = 1C65581C20F5FC4C00862997;
			productRefGroup = 1C65582620F5FC4C00862997 /* Products */;
			projectDirPath = "";
			projectRoot = "";
			targets = (
				1C65582420F5FC4C00862997 /* RouterDemo */,
			);
		};
/* End PBXProject section */

/* Begin PBXResourcesBuildPhase section */
		1C65582320F5FC4C00862997 /* Resources */ = {
			isa = PBXResourcesBuildPhase;
			buildActionMask = 2147483647;
			files = (
				1C65583520F5FC4D00862997 /* LaunchScreen.storyboard in Resources */,
				1C65583220F5FC4D00862997 /* Assets.xcassets in Resources */,
			);
			runOnlyForDeploymentPostprocessing = 0;
		};
/* End PBXResourcesBuildPhase section */

/* Begin PBXShellScriptBuildPhase section */
		1C14ABB021D386CE00DE248C /* Run Script */ = {
			isa = PBXShellScriptBuildPhase;
			buildActionMask = 12;
			files = (
			);
			inputFileListPaths = (
			);
			inputPaths = (
			);
			name = "Run Script";
			outputFileListPaths = (
			);
			outputPaths = (
			);
			runOnlyForDeploymentPostprocessing = 0;
			shellPath = /bin/sh;
			shellScript = "#\"${SRCROOT}/router_automatic.sh\"\n";
		};
/* End PBXShellScriptBuildPhase section */

/* Begin PBXSourcesBuildPhase section */
		1C65582120F5FC4C00862997 /* Sources */ = {
			isa = PBXSourcesBuildPhase;
			buildActionMask = 2147483647;
			files = (
				1C97793221D0812900C9859A /* HiPageErrorViewController.m in Sources */,
				1C97792921D07FD700C9859A /* HiPageFilterViewController.m in Sources */,
				1C97792C21D0806200C9859A /* HiPageSub1ViewController.m in Sources */,
				1C65583820F5FC4E00862997 /* main.m in Sources */,
				1CD3FC5621CE4A0000B8C924 /* HiParametesReceiveViewController.m in Sources */,
				1C97792F21D0806D00C9859A /* HiPageSub2ViewController.m in Sources */,
				1CD3FC5A21CE4CB300B8C924 /* HiCallBackViewController.m in Sources */,
				1CE962F92616B8E0007EA98C /* HiAnnotation.m in Sources */,
				1CD3FC5D21CE4CF600B8C924 /* HiCallBackSubViewController.m in Sources */,
				1CD3FC4821CE3CD100B8C924 /* HiRootViewController.m in Sources */,
				1CD3FC5021CE422C00B8C924 /* HiParametesViewController.m in Sources */,
				1C1B89BB22410FDA00E3C1FE /* HiNavigationThirdViewControoler.m in Sources */,
				1CD3FC6121CE4E0100B8C924 /* HiNetworkFilterViewController.m in Sources */,
				1C97793821D08D3500C9859A /* HiRootTableModel.m in Sources */,
				1C1B89B522410FAD00E3C1FE /* HiNavigationFirstViewControoler.m in Sources */,
				1CD3FC6421CE517500B8C924 /* HiNetworkFilter.m in Sources */,
				1C97795A21D0B70900C9859A /* HiViewModelViewController.m in Sources */,
				1CB3D09521DDCB9800E66BF1 /* HiBaseViewController.m in Sources */,
				1C97796021D0C24100C9859A /* HiViewModelView.m in Sources */,
				1C97796621D0C5FB00C9859A /* HiViewModelReceiveView.m in Sources */,
				1C14ABAC21D364B500DE248C /* HiRouter.m in Sources */,
				1C97793521D0899500C9859A /* HiPageFilter.m in Sources */,
				1CB3D09221DDB98300E66BF1 /* HiRouterPath.m in Sources */,
				1C1B89BE22410FEB00E3C1FE /* HiNavigationFourthViewControoler.m in Sources */,
				1C1B89B822410FCB00E3C1FE /* HiNavigationSecondViewControoler.m in Sources */,
				1C65585320F5FCF800862997 /* AppDelegate.m in Sources */,
			);
			runOnlyForDeploymentPostprocessing = 0;
		};
/* End PBXSourcesBuildPhase section */

/* Begin PBXVariantGroup section */
		1C65583320F5FC4D00862997 /* LaunchScreen.storyboard */ = {
			isa = PBXVariantGroup;
			children = (
				1C65583420F5FC4D00862997 /* Base */,
			);
			name = LaunchScreen.storyboard;
			sourceTree = "<group>";
		};
/* End PBXVariantGroup section */

/* Begin XCBuildConfiguration section */
		1C65583920F5FC4E00862997 /* Debug */ = {
			isa = XCBuildConfiguration;
			buildSettings = {
				ALWAYS_SEARCH_USER_PATHS = NO;
				CLANG_ANALYZER_NONNULL = YES;
				CLANG_ANALYZER_NUMBER_OBJECT_CONVERSION = YES_AGGRESSIVE;
				CLANG_CXX_LANGUAGE_STANDARD = "gnu++14";
				CLANG_CXX_LIBRARY = "libc++";
				CLANG_ENABLE_MODULES = YES;
				CLANG_ENABLE_OBJC_ARC = YES;
				CLANG_ENABLE_OBJC_WEAK = YES;
				CLANG_WARN_BLOCK_CAPTURE_AUTORELEASING = YES;
				CLANG_WARN_BOOL_CONVERSION = YES;
				CLANG_WARN_COMMA = YES;
				CLANG_WARN_CONSTANT_CONVERSION = YES;
				CLANG_WARN_DEPRECATED_OBJC_IMPLEMENTATIONS = YES;
				CLANG_WARN_DIRECT_OBJC_ISA_USAGE = YES_ERROR;
				CLANG_WARN_DOCUMENTATION_COMMENTS = YES;
				CLANG_WARN_EMPTY_BODY = YES;
				CLANG_WARN_ENUM_CONVERSION = YES;
				CLANG_WARN_INFINITE_RECURSION = YES;
				CLANG_WARN_INT_CONVERSION = YES;
				CLANG_WARN_NON_LITERAL_NULL_CONVERSION = YES;
				CLANG_WARN_OBJC_IMPLICIT_RETAIN_SELF = YES;
				CLANG_WARN_OBJC_LITERAL_CONVERSION = YES;
				CLANG_WARN_OBJC_ROOT_CLASS = YES_ERROR;
				CLANG_WARN_RANGE_LOOP_ANALYSIS = YES;
				CLANG_WARN_STRICT_PROTOTYPES = YES;
				CLANG_WARN_SUSPICIOUS_MOVE = YES;
				CLANG_WARN_UNGUARDED_AVAILABILITY = YES_AGGRESSIVE;
				CLANG_WARN_UNREACHABLE_CODE = YES;
				CLANG_WARN__DUPLICATE_METHOD_MATCH = YES;
				CODE_SIGN_IDENTITY = "iPhone Developer";
				COPY_PHASE_STRIP = NO;
				DEBUG_INFORMATION_FORMAT = dwarf;
				ENABLE_STRICT_OBJC_MSGSEND = YES;
				ENABLE_TESTABILITY = YES;
				GCC_C_LANGUAGE_STANDARD = gnu11;
				GCC_DYNAMIC_NO_PIC = NO;
				GCC_NO_COMMON_BLOCKS = YES;
				GCC_OPTIMIZATION_LEVEL = 0;
				GCC_PREPROCESSOR_DEFINITIONS = (
					"DEBUG=1",
					"$(inherited)",
				);
				GCC_WARN_64_TO_32_BIT_CONVERSION = YES;
				GCC_WARN_ABOUT_RETURN_TYPE = YES_ERROR;
				GCC_WARN_UNDECLARED_SELECTOR = YES;
				GCC_WARN_UNINITIALIZED_AUTOS = YES_AGGRESSIVE;
				GCC_WARN_UNUSED_FUNCTION = YES;
				GCC_WARN_UNUSED_VARIABLE = YES;
				IPHONEOS_DEPLOYMENT_TARGET = 7.0;
				MTL_ENABLE_DEBUG_INFO = YES;
				ONLY_ACTIVE_ARCH = YES;
				SDKROOT = iphoneos;
			};
			name = Debug;
		};
		1C65583A20F5FC4E00862997 /* Release */ = {
			isa = XCBuildConfiguration;
			buildSettings = {
				ALWAYS_SEARCH_USER_PATHS = NO;
				CLANG_ANALYZER_NONNULL = YES;
				CLANG_ANALYZER_NUMBER_OBJECT_CONVERSION = YES_AGGRESSIVE;
				CLANG_CXX_LANGUAGE_STANDARD = "gnu++14";
				CLANG_CXX_LIBRARY = "libc++";
				CLANG_ENABLE_MODULES = YES;
				CLANG_ENABLE_OBJC_ARC = YES;
				CLANG_ENABLE_OBJC_WEAK = YES;
				CLANG_WARN_BLOCK_CAPTURE_AUTORELEASING = YES;
				CLANG_WARN_BOOL_CONVERSION = YES;
				CLANG_WARN_COMMA = YES;
				CLANG_WARN_CONSTANT_CONVERSION = YES;
				CLANG_WARN_DEPRECATED_OBJC_IMPLEMENTATIONS = YES;
				CLANG_WARN_DIRECT_OBJC_ISA_USAGE = YES_ERROR;
				CLANG_WARN_DOCUMENTATION_COMMENTS = YES;
				CLANG_WARN_EMPTY_BODY = YES;
				CLANG_WARN_ENUM_CONVERSION = YES;
				CLANG_WARN_INFINITE_RECURSION = YES;
				CLANG_WARN_INT_CONVERSION = YES;
				CLANG_WARN_NON_LITERAL_NULL_CONVERSION = YES;
				CLANG_WARN_OBJC_IMPLICIT_RETAIN_SELF = YES;
				CLANG_WARN_OBJC_LITERAL_CONVERSION = YES;
				CLANG_WARN_OBJC_ROOT_CLASS = YES_ERROR;
				CLANG_WARN_RANGE_LOOP_ANALYSIS = YES;
				CLANG_WARN_STRICT_PROTOTYPES = YES;
				CLANG_WARN_SUSPICIOUS_MOVE = YES;
				CLANG_WARN_UNGUARDED_AVAILABILITY = YES_AGGRESSIVE;
				CLANG_WARN_UNREACHABLE_CODE = YES;
				CLANG_WARN__DUPLICATE_METHOD_MATCH = YES;
				CODE_SIGN_IDENTITY = "iPhone Developer";
				COPY_PHASE_STRIP = NO;
				DEBUG_INFORMATION_FORMAT = "dwarf-with-dsym";
				ENABLE_NS_ASSERTIONS = NO;
				ENABLE_STRICT_OBJC_MSGSEND = YES;
				GCC_C_LANGUAGE_STANDARD = gnu11;
				GCC_NO_COMMON_BLOCKS = YES;
				GCC_WARN_64_TO_32_BIT_CONVERSION = YES;
				GCC_WARN_ABOUT_RETURN_TYPE = YES_ERROR;
				GCC_WARN_UNDECLARED_SELECTOR = YES;
				GCC_WARN_UNINITIALIZED_AUTOS = YES_AGGRESSIVE;
				GCC_WARN_UNUSED_FUNCTION = YES;
				GCC_WARN_UNUSED_VARIABLE = YES;
				IPHONEOS_DEPLOYMENT_TARGET = 7.0;
				MTL_ENABLE_DEBUG_INFO = NO;
				SDKROOT = iphoneos;
				VALIDATE_PRODUCT = YES;
			};
			name = Release;
		};
		1C65583C20F5FC4E00862997 /* Debug */ = {
			isa = XCBuildConfiguration;
			buildSettings = {
				ASSETCATALOG_COMPILER_APPICON_NAME = AppIcon;
				CODE_SIGN_STYLE = Automatic;
				INFOPLIST_FILE = RouterDemo/Info.plist;
				LD_RUNPATH_SEARCH_PATHS = (
					"$(inherited)",
					"@executable_path/Frameworks",
				);
				PRODUCT_BUNDLE_IDENTIFIER = Four.RouterDemo;
				PRODUCT_NAME = "$(TARGET_NAME)";
				TARGETED_DEVICE_FAMILY = "1,2";
			};
			name = Debug;
		};
		1C65583D20F5FC4E00862997 /* Release */ = {
			isa = XCBuildConfiguration;
			buildSettings = {
				ASSETCATALOG_COMPILER_APPICON_NAME = AppIcon;
				CODE_SIGN_STYLE = Automatic;
				INFOPLIST_FILE = RouterDemo/Info.plist;
				LD_RUNPATH_SEARCH_PATHS = (
					"$(inherited)",
					"@executable_path/Frameworks",
				);
				PRODUCT_BUNDLE_IDENTIFIER = Four.RouterDemo;
				PRODUCT_NAME = "$(TARGET_NAME)";
				TARGETED_DEVICE_FAMILY = "1,2";
			};
			name = Release;
		};
/* End XCBuildConfiguration section */

/* Begin XCConfigurationList section */
		1C65582020F5FC4C00862997 /* Build configuration list for PBXProject "RouterDemo" */ = {
			isa = XCConfigurationList;
			buildConfigurations = (
				1C65583920F5FC4E00862997 /* Debug */,
				1C65583A20F5FC4E00862997 /* Release */,
			);
			defaultConfigurationIsVisible = 0;
			defaultConfigurationName = Release;
		};
		1C65583B20F5FC4E00862997 /* Build configuration list for PBXNativeTarget "RouterDemo" */ = {
			isa = XCConfigurationList;
			buildConfigurations = (
				1C65583C20F5FC4E00862997 /* Debug */,
				1C65583D20F5FC4E00862997 /* Release */,
			);
			defaultConfigurationIsVisible = 0;
			defaultConfigurationName = Release;
		};
/* End XCConfigurationList section */
	};
	rootObject = 1C65581D20F5FC4C00862997 /* Project object */;
}
